# THIS IS AN AUTOGENERATED FILE. DO NOT EDIT THIS FILE DIRECTLY.
# yarn lockfile v1


"@types/lodash@^4.14.85":
  version "4.14.85"
  resolved "https://registry.yarnpkg.com/@types/lodash/-/lodash-4.14.85.tgz#a16fbf942422f6eca5622b6910492c496c35069b"

"@types/node@^8.0.53":
  version "8.0.53"
  resolved "https://registry.yarnpkg.com/@types/node/-/node-8.0.53.tgz#396b35af826fa66aad472c8cb7b8d5e277f4e6d8"

lodash@^4.17.4:
  version "4.17.4"
  resolved "https://registry.yarnpkg.com/lodash/-/lodash-4.17.4.tgz#78203a4d1c328ae1d86dca6460e369b57f4055ae"

typescript@^2.6.2:
  version "2.6.2"
  resolved "https://registry.yarnpkg.com/typescript/-/typescript-2.6.2.tgz#3c5b6fd7f6de0914269027f03c0946758f7673a4"
